
Microsoft Visual Studio Solution File, Format Version 12.00
# Visual Studio Version 17
VisualStudioVersion = 17.8.34309.116
MinimumVisualStudioVersion = 10.0.40219.1
Project("{FAE04EC0-301F-11D3-BF4B-00C04F79EFBC}") = "LivreDeRecette", "LivreDeRecette\LivreDeRecette.csproj", "{3CB111F7-5D38-40C9-946A-3DBE9C8182CA}"
EndProject
Global
	GlobalSection(SolutionConfigurationPlatforms) = preSolution
		Debug|Any CPU = Debug|Any CPU
		Release|Any CPU = Release|Any CPU
	EndGlobalSection
	GlobalSection(ProjectConfigurationPlatforms) = postSolution
		{3CB111F7-5D38-40C9-946A-3DBE9C8182CA}.Debug|Any CPU.ActiveCfg = Debug|Any CPU
		{3CB111F7-5D38-40C9-946A-3DBE9C8182CA}.Debug|Any CPU.Build.0 = Debug|Any CPU
		{3CB111F7-5D38-40C9-946A-3DBE9C8182CA}.Release|Any CPU.ActiveCfg = Release|Any CPU
		{3CB111F7-5D38-40C9-946A-3DBE9C8182CA}.Release|Any CPU.Build.0 = Release|Any CPU
	EndGlobalSection
	GlobalSection(SolutionProperties) = preSolution
		HideSolutionNode = FALSE
	EndGlobalSection
	GlobalSection(ExtensibilityGlobals) = postSolution
		SolutionGuid = {03577A37-B739-4044-B79D-6FB42CF2AEBF}
	EndGlobalSection
EndGlobal
